
Microsoft Visual Studio Solution File, Format Version 12.00
# Visual Studio Version 17
VisualStudioVersion = 17.9.34728.123
MinimumVisualStudioVersion = 10.0.40219.1
Project("{9A19103F-16F7-4668-BE54-9A1E7A4F7556}") = "TodoList", "TodoList.csproj", "{E84A99DF-5230-40B3-B2C3-C2651961C0DD}"
EndProject
Project("{9A19103F-16F7-4668-BE54-9A1E7A4F7556}") = "PracticeProblems", "..\..\PracticeProblems\PracticeProblems.csproj", "{AC7506BD-72D1-4EF3-B78A-B823513CB679}"
EndProject
Global
	GlobalSection(SolutionConfigurationPlatforms) = preSolution
		Debug|Any CPU = Debug|Any CPU
		Release|Any CPU = Release|Any CPU
	EndGlobalSection
	GlobalSection(ProjectConfigurationPlatforms) = postSolution
		{E84A99DF-5230-40B3-B2C3-C2651961C0DD}.Debug|Any CPU.ActiveCfg = Debug|Any CPU
		{E84A99DF-5230-40B3-B2C3-C2651961C0DD}.Debug|Any CPU.Build.0 = Debug|Any CPU
		{E84A99DF-5230-40B3-B2C3-C2651961C0DD}.Release|Any CPU.ActiveCfg = Release|Any CPU
		{AC7506BD-72D1-4EF3-B78A-B823513CB679}.Debug|Any CPU.ActiveCfg = Debug|Any CPU
		{AC7506BD-72D1-4EF3-B78A-B823513CB679}.Debug|Any CPU.Build.0 = Debug|Any CPU
		{AC7506BD-72D1-4EF3-B78A-B823513CB679}.Release|Any CPU.ActiveCfg = Release|Any CPU
		{AC7506BD-72D1-4EF3-B78A-B823513CB679}.Release|Any CPU.Build.0 = Release|Any CPU
	EndGlobalSection
	GlobalSection(SolutionProperties) = preSolution
		HideSolutionNode = FALSE
	EndGlobalSection
	GlobalSection(ExtensibilityGlobals) = postSolution
		SolutionGuid = {DC7E0197-6742-43EB-8E3A-AFC9B058337C}
	EndGlobalSection
EndGlobal
